
Microsoft Visual Studio Solution File, Format Version 12.00
# Visual Studio Version 16
VisualStudioVersion = 16.0.30406.217
MinimumVisualStudioVersion = 10.0.40219.1
Project("{9A19103F-16F7-4668-BE54-9A1E7A4F7556}") = "RealPromo.ApiWeb", "RealPromo.ApiWeb\RealPromo.ApiWeb.csproj", "{70407ED8-3404-4FAF-8B6F-9C1C052BA5F5}"
EndProject
Project("{FAE04EC0-301F-11D3-BF4B-00C04F79EFBC}") = "RealPromo.UWP", "RealPromo\RealPromo.UWP\RealPromo.UWP.csproj", "{C145BC24-9747-4A2D-98DB-291F2F8C0701}"
EndProject
Project("{FAE04EC0-301F-11D3-BF4B-00C04F79EFBC}") = "RealPromo.Android", "RealPromo\RealPromo.Android\RealPromo.Android.csproj", "{22849FAD-A8DF-41C7-B0BA-84EF58F3EF5C}"
EndProject
Project("{FAE04EC0-301F-11D3-BF4B-00C04F79EFBC}") = "RealPromo.iOS", "RealPromo\RealPromo.iOS\RealPromo.iOS.csproj", "{0AB3A77A-3CAD-4C3F-B321-273B5140D007}"
EndProject
Project("{FAE04EC0-301F-11D3-BF4B-00C04F79EFBC}") = "RealPromo", "RealPromo\RealPromo\RealPromo.csproj", "{34E5283E-CD70-4A32-8C6A-8D34E8B90297}"
EndProject
Global
	GlobalSection(SolutionConfigurationPlatforms) = preSolution
		Debug|Any CPU = Debug|Any CPU
		Debug|ARM = Debug|ARM
		Debug|iPhone = Debug|iPhone
		Debug|iPhoneSimulator = Debug|iPhoneSimulator
		Debug|x64 = Debug|x64
		Debug|x86 = Debug|x86
		Release|Any CPU = Release|Any CPU
		Release|ARM = Release|ARM
		Release|iPhone = Release|iPhone
		Release|iPhoneSimulator = Release|iPhoneSimulator
		Release|x64 = Release|x64
		Release|x86 = Release|x86
	EndGlobalSection
	GlobalSection(ProjectConfigurationPlatforms) = postSolution
		{70407ED8-3404-4FAF-8B6F-9C1C052BA5F5}.Debug|Any CPU.ActiveCfg = Debug|Any CPU
		{70407ED8-3404-4FAF-8B6F-9C1C052BA5F5}.Debug|Any CPU.Build.0 = Debug|Any CPU
		{70407ED8-3404-4FAF-8B6F-9C1C052BA5F5}.Debug|ARM.ActiveCfg = Debug|Any CPU
		{70407ED8-3404-4FAF-8B6F-9C1C052BA5F5}.Debug|ARM.Build.0 = Debug|Any CPU
		{70407ED8-3404-4FAF-8B6F-9C1C052BA5F5}.Debug|iPhone.ActiveCfg = Debug|Any CPU
		{70407ED8-3404-4FAF-8B6F-9C1C052BA5F5}.Debug|iPhone.Build.0 = Debug|Any CPU
		{70407ED8-3404-4FAF-8B6F-9C1C052BA5F5}.Debug|iPhoneSimulator.ActiveCfg = Debug|Any CPU
		{70407ED8-3404-4FAF-8B6F-9C1C052BA5F5}.Debug|iPhoneSimulator.Build.0 = Debug|Any CPU
		{70407ED8-3404-4FAF-8B6F-9C1C052BA5F5}.Debug|x64.ActiveCfg = Debug|Any CPU
		{70407ED8-3404-4FAF-8B6F-9C1C052BA5F5}.Debug|x64.Build.0 = Debug|Any CPU
		{70407ED8-3404-4FAF-8B6F-9C1C052BA5F5}.Debug|x86.ActiveCfg = Debug|Any CPU
		{70407ED8-3404-4FAF-8B6F-9C1C052BA5F5}.Debug|x86.Build.0 = Debug|Any CPU
		{70407ED8-3404-4FAF-8B6F-9C1C052BA5F5}.Release|Any CPU.ActiveCfg = Release|Any CPU
		{70407ED8-3404-4FAF-8B6F-9C1C052BA5F5}.Release|Any CPU.Build.0 = Release|Any CPU
		{70407ED8-3404-4FAF-8B6F-9C1C052BA5F5}.Release|ARM.ActiveCfg = Release|Any CPU
		{70407ED8-3404-4FAF-8B6F-9C1C052BA5F5}.Release|ARM.Build.0 = Release|Any CPU
		{70407ED8-3404-4FAF-8B6F-9C1C052BA5F5}.Release|iPhone.ActiveCfg = Release|Any CPU
		{70407ED8-3404-4FAF-8B6F-9C1C052BA5F5}.Release|iPhone.Build.0 = Release|Any CPU
		{70407ED8-3404-4FAF-8B6F-9C1C052BA5F5}.Release|iPhoneSimulator.ActiveCfg = Release|Any CPU
		{70407ED8-3404-4FAF-8B6F-9C1C052BA5F5}.Release|iPhoneSimulator.Build.0 = Release|Any CPU
		{70407ED8-3404-4FAF-8B6F-9C1C052BA5F5}.Release|x64.ActiveCfg = Release|Any CPU
		{70407ED8-3404-4FAF-8B6F-9C1C052BA5F5}.Release|x64.Build.0 = Release|Any CPU
		{70407ED8-3404-4FAF-8B6F-9C1C052BA5F5}.Release|x86.ActiveCfg = Release|Any CPU
		{70407ED8-3404-4FAF-8B6F-9C1C052BA5F5}.Release|x86.Build.0 = Release|Any CPU
		{C145BC24-9747-4A2D-98DB-291F2F8C0701}.Debug|Any CPU.ActiveCfg = Debug|x86
		{C145BC24-9747-4A2D-98DB-291F2F8C0701}.Debug|ARM.ActiveCfg = Debug|ARM
		{C145BC24-9747-4A2D-98DB-291F2F8C0701}.Debug|ARM.Build.0 = Debug|ARM
		{C145BC24-9747-4A2D-98DB-291F2F8C0701}.Debug|ARM.Deploy.0 = Debug|ARM
		{C145BC24-9747-4A2D-98DB-291F2F8C0701}.Debug|iPhone.ActiveCfg = Debug|x86
		{C145BC24-9747-4A2D-98DB-291F2F8C0701}.Debug|iPhoneSimulator.ActiveCfg = Debug|x86
		{C145BC24-9747-4A2D-98DB-291F2F8C0701}.Debug|x64.ActiveCfg = Debug|x64
		{C145BC24-9747-4A2D-98DB-291F2F8C0701}.Debug|x64.Build.0 = Debug|x64
		{C145BC24-9747-4A2D-98DB-291F2F8C0701}.Debug|x64.Deploy.0 = Debug|x64
		{C145BC24-9747-4A2D-98DB-291F2F8C0701}.Debug|x86.ActiveCfg = Debug|x86
		{C145BC24-9747-4A2D-98DB-291F2F8C0701}.Debug|x86.Build.0 = Debug|x86
		{C145BC24-9747-4A2D-98DB-291F2F8C0701}.Debug|x86.Deploy.0 = Debug|x86
		{C145BC24-9747-4A2D-98DB-291F2F8C0701}.Release|Any CPU.ActiveCfg = Release|x86
		{C145BC24-9747-4A2D-98DB-291F2F8C0701}.Release|ARM.ActiveCfg = Release|ARM
		{C145BC24-9747-4A2D-98DB-291F2F8C0701}.Release|ARM.Build.0 = Release|ARM
		{C145BC24-9747-4A2D-98DB-291F2F8C0701}.Release|ARM.Deploy.0 = Release|ARM
		{C145BC24-9747-4A2D-98DB-291F2F8C0701}.Release|iPhone.ActiveCfg = Release|x86
		{C145BC24-9747-4A2D-98DB-291F2F8C0701}.Release|iPhoneSimulator.ActiveCfg = Release|x86
		{C145BC24-9747-4A2D-98DB-291F2F8C0701}.Release|x64.ActiveCfg = Release|x64
		{C145BC24-9747-4A2D-98DB-291F2F8C0701}.Release|x64.Build.0 = Release|x64
		{C145BC24-9747-4A2D-98DB-291F2F8C0701}.Release|x64.Deploy.0 = Release|x64
		{C145BC24-9747-4A2D-98DB-291F2F8C0701}.Release|x86.ActiveCfg = Release|x86
		{C145BC24-9747-4A2D-98DB-291F2F8C0701}.Release|x86.Build.0 = Release|x86
		{C145BC24-9747-4A2D-98DB-291F2F8C0701}.Release|x86.Deploy.0 = Release|x86
		{22849FAD-A8DF-41C7-B0BA-84EF58F3EF5C}.Debug|Any CPU.ActiveCfg = Debug|Any CPU
		{22849FAD-A8DF-41C7-B0BA-84EF58F3EF5C}.Debug|Any CPU.Build.0 = Debug|Any CPU
		{22849FAD-A8DF-41C7-B0BA-84EF58F3EF5C}.Debug|Any CPU.Deploy.0 = Debug|Any CPU
		{22849FAD-A8DF-41C7-B0BA-84EF58F3EF5C}.Debug|ARM.ActiveCfg = Debug|Any CPU
		{22849FAD-A8DF-41C7-B0BA-84EF58F3EF5C}.Debug|ARM.Build.0 = Debug|Any CPU
		{22849FAD-A8DF-41C7-B0BA-84EF58F3EF5C}.Debug|ARM.Deploy.0 = Debug|Any CPU
		{22849FAD-A8DF-41C7-B0BA-84EF58F3EF5C}.Debug|iPhone.ActiveCfg = Debug|Any CPU
		{22849FAD-A8DF-41C7-B0BA-84EF58F3EF5C}.Debug|iPhone.Build.0 = Debug|Any CPU
		{22849FAD-A8DF-41C7-B0BA-84EF58F3EF5C}.Debug|iPhone.Deploy.0 = Debug|Any CPU
		{22849FAD-A8DF-41C7-B0BA-84EF58F3EF5C}.Debug|iPhoneSimulator.ActiveCfg = Debug|Any CPU
		{22849FAD-A8DF-41C7-B0BA-84EF58F3EF5C}.Debug|iPhoneSimulator.Build.0 = Debug|Any CPU
		{22849FAD-A8DF-41C7-B0BA-84EF58F3EF5C}.Debug|iPhoneSimulator.Deploy.0 = Debug|Any CPU
		{22849FAD-A8DF-41C7-B0BA-84EF58F3EF5C}.Debug|x64.ActiveCfg = Debug|Any CPU
		{22849FAD-A8DF-41C7-B0BA-84EF58F3EF5C}.Debug|x64.Build.0 = Debug|Any CPU
		{22849FAD-A8DF-41C7-B0BA-84EF58F3EF5C}.Debug|x64.Deploy.0 = Debug|Any CPU
		{22849FAD-A8DF-41C7-B0BA-84EF58F3EF5C}.Debug|x86.ActiveCfg = Debug|Any CPU
		{22849FAD-A8DF-41C7-B0BA-84EF58F3EF5C}.Debug|x86.Build.0 = Debug|Any CPU
		{22849FAD-A8DF-41C7-B0BA-84EF58F3EF5C}.Debug|x86.Deploy.0 = Debug|Any CPU
		{22849FAD-A8DF-41C7-B0BA-84EF58F3EF5C}.Release|Any CPU.ActiveCfg = Release|Any CPU
		{22849FAD-A8DF-41C7-B0BA-84EF58F3EF5C}.Release|Any CPU.Build.0 = Release|Any CPU
		{22849FAD-A8DF-41C7-B0BA-84EF58F3EF5C}.Release|Any CPU.Deploy.0 = Release|Any CPU
		{22849FAD-A8DF-41C7-B0BA-84EF58F3EF5C}.Release|ARM.ActiveCfg = Release|Any CPU
		{22849FAD-A8DF-41C7-B0BA-84EF58F3EF5C}.Release|ARM.Build.0 = Release|Any CPU
		{22849FAD-A8DF-41C7-B0BA-84EF58F3EF5C}.Release|ARM.Deploy.0 = Release|Any CPU
		{22849FAD-A8DF-41C7-B0BA-84EF58F3EF5C}.Release|iPhone.ActiveCfg = Release|Any CPU
		{22849FAD-A8DF-41C7-B0BA-84EF58F3EF5C}.Release|iPhone.Build.0 = Release|Any CPU
		{22849FAD-A8DF-41C7-B0BA-84EF58F3EF5C}.Release|iPhone.Deploy.0 = Release|Any CPU
		{22849FAD-A8DF-41C7-B0BA-84EF58F3EF5C}.Release|iPhoneSimulator.ActiveCfg = Release|Any CPU
		{22849FAD-A8DF-41C7-B0BA-84EF58F3EF5C}.Release|iPhoneSimulator.Build.0 = Release|Any CPU
		{22849FAD-A8DF-41C7-B0BA-84EF58F3EF5C}.Release|iPhoneSimulator.Deploy.0 = Release|Any CPU
		{22849FAD-A8DF-41C7-B0BA-84EF58F3EF5C}.Release|x64.ActiveCfg = Release|Any CPU
		{22849FAD-A8DF-41C7-B0BA-84EF58F3EF5C}.Release|x64.Build.0 = Release|Any CPU
		{22849FAD-A8DF-41C7-B0BA-84EF58F3EF5C}.Release|x64.Deploy.0 = Release|Any CPU
		{22849FAD-A8DF-41C7-B0BA-84EF58F3EF5C}.Release|x86.ActiveCfg = Release|Any CPU
		{22849FAD-A8DF-41C7-B0BA-84EF58F3EF5C}.Release|x86.Build.0 = Release|Any CPU
		{22849FAD-A8DF-41C7-B0BA-84EF58F3EF5C}.Release|x86.Deploy.0 = Release|Any CPU
		{0AB3A77A-3CAD-4C3F-B321-273B5140D007}.Debug|Any CPU.ActiveCfg = Debug|iPhoneSimulator
		{0AB3A77A-3CAD-4C3F-B321-273B5140D007}.Debug|ARM.ActiveCfg = Debug|iPhoneSimulator
		{0AB3A77A-3CAD-4C3F-B321-273B5140D007}.Debug|iPhone.ActiveCfg = Debug|iPhone
		{0AB3A77A-3CAD-4C3F-B321-273B5140D007}.Debug|iPhone.Build.0 = Debug|iPhone
		{0AB3A77A-3CAD-4C3F-B321-273B5140D007}.Debug|iPhoneSimulator.ActiveCfg = Debug|iPhoneSimulator
		{0AB3A77A-3CAD-4C3F-B321-273B5140D007}.Debug|iPhoneSimulator.Build.0 = Debug|iPhoneSimulator
		{0AB3A77A-3CAD-4C3F-B321-273B5140D007}.Debug|x64.ActiveCfg = Debug|iPhoneSimulator
		{0AB3A77A-3CAD-4C3F-B321-273B5140D007}.Debug|x86.ActiveCfg = Debug|iPhoneSimulator
		{0AB3A77A-3CAD-4C3F-B321-273B5140D007}.Release|Any CPU.ActiveCfg = Release|iPhoneSimulator
		{0AB3A77A-3CAD-4C3F-B321-273B5140D007}.Release|ARM.ActiveCfg = Release|iPhoneSimulator
		{0AB3A77A-3CAD-4C3F-B321-273B5140D007}.Release|iPhone.ActiveCfg = Release|iPhone
		{0AB3A77A-3CAD-4C3F-B321-273B5140D007}.Release|iPhone.Build.0 = Release|iPhone
		{0AB3A77A-3CAD-4C3F-B321-273B5140D007}.Release|iPhoneSimulator.ActiveCfg = Release|iPhoneSimulator
		{0AB3A77A-3CAD-4C3F-B321-273B5140D007}.Release|iPhoneSimulator.Build.0 = Release|iPhoneSimulator
		{0AB3A77A-3CAD-4C3F-B321-273B5140D007}.Release|x64.ActiveCfg = Release|iPhoneSimulator
		{0AB3A77A-3CAD-4C3F-B321-273B5140D007}.Release|x86.ActiveCfg = Release|iPhoneSimulator
		{34E5283E-CD70-4A32-8C6A-8D34E8B90297}.Debug|Any CPU.ActiveCfg = Debug|Any CPU
		{34E5283E-CD70-4A32-8C6A-8D34E8B90297}.Debug|Any CPU.Build.0 = Debug|Any CPU
		{34E5283E-CD70-4A32-8C6A-8D34E8B90297}.Debug|ARM.ActiveCfg = Debug|Any CPU
		{34E5283E-CD70-4A32-8C6A-8D34E8B90297}.Debug|ARM.Build.0 = Debug|Any CPU
		{34E5283E-CD70-4A32-8C6A-8D34E8B90297}.Debug|iPhone.ActiveCfg = Debug|Any CPU
		{34E5283E-CD70-4A32-8C6A-8D34E8B90297}.Debug|iPhone.Build.0 = Debug|Any CPU
		{34E5283E-CD70-4A32-8C6A-8D34E8B90297}.Debug|iPhoneSimulator.ActiveCfg = Debug|Any CPU
		{34E5283E-CD70-4A32-8C6A-8D34E8B90297}.Debug|iPhoneSimulator.Build.0 = Debug|Any CPU
		{34E5283E-CD70-4A32-8C6A-8D34E8B90297}.Debug|x64.ActiveCfg = Debug|Any CPU
		{34E5283E-CD70-4A32-8C6A-8D34E8B90297}.Debug|x64.Build.0 = Debug|Any CPU
		{34E5283E-CD70-4A32-8C6A-8D34E8B90297}.Debug|x86.ActiveCfg = Debug|Any CPU
		{34E5283E-CD70-4A32-8C6A-8D34E8B90297}.Debug|x86.Build.0 = Debug|Any CPU
		{34E5283E-CD70-4A32-8C6A-8D34E8B90297}.Release|Any CPU.ActiveCfg = Release|Any CPU
		{34E5283E-CD70-4A32-8C6A-8D34E8B90297}.Release|Any CPU.Build.0 = Release|Any CPU
		{34E5283E-CD70-4A32-8C6A-8D34E8B90297}.Release|ARM.ActiveCfg = Release|Any CPU
		{34E5283E-CD70-4A32-8C6A-8D34E8B90297}.Release|ARM.Build.0 = Release|Any CPU
		{34E5283E-CD70-4A32-8C6A-8D34E8B90297}.Release|iPhone.ActiveCfg = Release|Any CPU
		{34E5283E-CD70-4A32-8C6A-8D34E8B90297}.Release|iPhone.Build.0 = Release|Any CPU
		{34E5283E-CD70-4A32-8C6A-8D34E8B90297}.Release|iPhoneSimulator.ActiveCfg = Release|Any CPU
		{34E5283E-CD70-4A32-8C6A-8D34E8B90297}.Release|iPhoneSimulator.Build.0 = Release|Any CPU
		{34E5283E-CD70-4A32-8C6A-8D34E8B90297}.Release|x64.ActiveCfg = Release|Any CPU
		{34E5283E-CD70-4A32-8C6A-8D34E8B90297}.Release|x64.Build.0 = Release|Any CPU
		{34E5283E-CD70-4A32-8C6A-8D34E8B90297}.Release|x86.ActiveCfg = Release|Any CPU
		{34E5283E-CD70-4A32-8C6A-8D34E8B90297}.Release|x86.Build.0 = Release|Any CPU
	EndGlobalSection
	GlobalSection(SolutionProperties) = preSolution
		HideSolutionNode = FALSE
	EndGlobalSection
	GlobalSection(ExtensibilityGlobals) = postSolution
		SolutionGuid = {9D87A712-8FB3-4434-B36A-84C2367F5EE6}
	EndGlobalSection
EndGlobal
